
Microsoft Visual Studio Solution File, Format Version 12.00
Project("{FAE04EC0-301F-11D3-BF4B-00C04F79EFBC}") = "ChessBase.Analyz", "ChessBase.Analyz\ChessBase.Analyz.csproj", "{D6F368E3-A7ED-4CD0-BF3A-1DD8EE13C512}"
EndProject
Project("{FAE04EC0-301F-11D3-BF4B-00C04F79EFBC}") = "ChessBase.Api", "ChessBase.Api\ChessBase.Api.csproj", "{44D58DD0-84F9-481E-B942-77B52D1216A8}"
EndProject
Project("{FAE04EC0-301F-11D3-BF4B-00C04F79EFBC}") = "ChessBase", "ChessBase\ChessBase.csproj", "{4D341F7B-82C7-4C4A-A9BC-A9C6727FFEA5}"
EndProject
Project("{FAE04EC0-301F-11D3-BF4B-00C04F79EFBC}") = "ChessBase.Data", "ChessBase.Data\ChessBase.Data.csproj", "{64011990-0966-4F28-952B-67C73A0FFA4B}"
EndProject
Project("{FAE04EC0-301F-11D3-BF4B-00C04F79EFBC}") = "ChessBase.Application", "ChessBase.Application\ChessBase.Application.csproj", "{28731EFF-04C5-4DED-8649-09F3A03EA80B}"
EndProject
Global
	GlobalSection(SolutionConfigurationPlatforms) = preSolution
		Debug|Any CPU = Debug|Any CPU
		Release|Any CPU = Release|Any CPU
	EndGlobalSection
	GlobalSection(ProjectConfigurationPlatforms) = postSolution
		{D6F368E3-A7ED-4CD0-BF3A-1DD8EE13C512}.Debug|Any CPU.ActiveCfg = Debug|Any CPU
		{D6F368E3-A7ED-4CD0-BF3A-1DD8EE13C512}.Debug|Any CPU.Build.0 = Debug|Any CPU
		{D6F368E3-A7ED-4CD0-BF3A-1DD8EE13C512}.Release|Any CPU.ActiveCfg = Release|Any CPU
		{D6F368E3-A7ED-4CD0-BF3A-1DD8EE13C512}.Release|Any CPU.Build.0 = Release|Any CPU
		{44D58DD0-84F9-481E-B942-77B52D1216A8}.Debug|Any CPU.ActiveCfg = Debug|Any CPU
		{44D58DD0-84F9-481E-B942-77B52D1216A8}.Debug|Any CPU.Build.0 = Debug|Any CPU
		{44D58DD0-84F9-481E-B942-77B52D1216A8}.Release|Any CPU.ActiveCfg = Release|Any CPU
		{44D58DD0-84F9-481E-B942-77B52D1216A8}.Release|Any CPU.Build.0 = Release|Any CPU
		{4D341F7B-82C7-4C4A-A9BC-A9C6727FFEA5}.Debug|Any CPU.ActiveCfg = Debug|Any CPU
		{4D341F7B-82C7-4C4A-A9BC-A9C6727FFEA5}.Debug|Any CPU.Build.0 = Debug|Any CPU
		{4D341F7B-82C7-4C4A-A9BC-A9C6727FFEA5}.Release|Any CPU.ActiveCfg = Release|Any CPU
		{4D341F7B-82C7-4C4A-A9BC-A9C6727FFEA5}.Release|Any CPU.Build.0 = Release|Any CPU
		{64011990-0966-4F28-952B-67C73A0FFA4B}.Debug|Any CPU.ActiveCfg = Debug|Any CPU
		{64011990-0966-4F28-952B-67C73A0FFA4B}.Debug|Any CPU.Build.0 = Debug|Any CPU
		{64011990-0966-4F28-952B-67C73A0FFA4B}.Release|Any CPU.ActiveCfg = Release|Any CPU
		{64011990-0966-4F28-952B-67C73A0FFA4B}.Release|Any CPU.Build.0 = Release|Any CPU
		{28731EFF-04C5-4DED-8649-09F3A03EA80B}.Debug|Any CPU.ActiveCfg = Debug|Any CPU
		{28731EFF-04C5-4DED-8649-09F3A03EA80B}.Debug|Any CPU.Build.0 = Debug|Any CPU
		{28731EFF-04C5-4DED-8649-09F3A03EA80B}.Release|Any CPU.ActiveCfg = Release|Any CPU
		{28731EFF-04C5-4DED-8649-09F3A03EA80B}.Release|Any CPU.Build.0 = Release|Any CPU
	EndGlobalSection
EndGlobal
